<?xml version="1.0" encoding="utf-8"?>
<Project ToolsVersion="16.0" xmlns="http://schemas.microsoft.com/developer/msbuild/2003">
  <ItemGroup>
    <CustomBuild Include="D:\Github\bitpacker\CMakeFiles\5deda89de14c6af36d64b738ddd95b8a\generate.stamp.rule">
      <Filter>CMake Rules</Filter>
    </CustomBuild>
  </ItemGroup>
  <ItemGroup>
    <Filter Include="CMake Rules">
      <UniqueIdentifier>{FF3A40B7-86F3-3451-B671-CD3C118A3E1B}</UniqueIdentifier>
    </Filter>
  </ItemGroup>
</Project>
